{
  "name": "@9elt/mini-transpiler",
  "version": "0.0.1",
  "lockfileVersion": 3,
  "requires": true,
  "packages": {
    "": {
      "name": "@9elt/mini-transpiler",
      "version": "0.0.1",
      "license": "MIT",
      "devDependencies": {
        "@9elt/miniframe": "^0.8.4"
      }
    },
    "node_modules/@9elt/miniframe": {
      "version": "0.8.4",
      "resolved": "https://registry.npmjs.org/@9elt/miniframe/-/miniframe-0.8.4.tgz",
      "integrity": "sha512-NGr5UZXKECARaRLdjyv3bW0W6uOJeksWmbFWAKulouHob94/xJLJIufxtSxySWkcMPwojggpF/NZThDps0tuDg==",
      "dev": true,
      "license": "MIT"
    }
  }
}
